
Microsoft Visual Studio Solution File, Format Version 12.00
# Visual Studio Version 17
VisualStudioVersion = 17.10.35122.118
MinimumVisualStudioVersion = 10.0.40219.1
Project("{FAE04EC0-301F-11D3-BF4B-00C04F79EFBC}") = "PublisherClient", "MQTTtest\PublisherClient.csproj", "{23DACC77-5700-4C5B-8AFB-34D9A7A5F6C7}"
EndProject
Project("{FAE04EC0-301F-11D3-BF4B-00C04F79EFBC}") = "Broker", "Broker\Broker.csproj", "{7424FC5A-3ABB-40D6-96C6-E1D26F3A5687}"
EndProject
Project("{FAE04EC0-301F-11D3-BF4B-00C04F79EFBC}") = "SubscriberClient", "SubscriberClient\SubscriberClient.csproj", "{E5F5DA22-1AEC-4893-ADDF-E6C39CFE3FD4}"
EndProject
Global
	GlobalSection(SolutionConfigurationPlatforms) = preSolution
		Debug|Any CPU = Debug|Any CPU
		Release|Any CPU = Release|Any CPU
	EndGlobalSection
	GlobalSection(ProjectConfigurationPlatforms) = postSolution
		{23DACC77-5700-4C5B-8AFB-34D9A7A5F6C7}.Debug|Any CPU.ActiveCfg = Debug|Any CPU
		{23DACC77-5700-4C5B-8AFB-34D9A7A5F6C7}.Debug|Any CPU.Build.0 = Debug|Any CPU
		{23DACC77-5700-4C5B-8AFB-34D9A7A5F6C7}.Release|Any CPU.ActiveCfg = Release|Any CPU
		{23DACC77-5700-4C5B-8AFB-34D9A7A5F6C7}.Release|Any CPU.Build.0 = Release|Any CPU
		{7424FC5A-3ABB-40D6-96C6-E1D26F3A5687}.Debug|Any CPU.ActiveCfg = Debug|Any CPU
		{7424FC5A-3ABB-40D6-96C6-E1D26F3A5687}.Debug|Any CPU.Build.0 = Debug|Any CPU
		{7424FC5A-3ABB-40D6-96C6-E1D26F3A5687}.Release|Any CPU.ActiveCfg = Release|Any CPU
		{7424FC5A-3ABB-40D6-96C6-E1D26F3A5687}.Release|Any CPU.Build.0 = Release|Any CPU
		{E5F5DA22-1AEC-4893-ADDF-E6C39CFE3FD4}.Debug|Any CPU.ActiveCfg = Debug|Any CPU
		{E5F5DA22-1AEC-4893-ADDF-E6C39CFE3FD4}.Debug|Any CPU.Build.0 = Debug|Any CPU
		{E5F5DA22-1AEC-4893-ADDF-E6C39CFE3FD4}.Release|Any CPU.ActiveCfg = Release|Any CPU
		{E5F5DA22-1AEC-4893-ADDF-E6C39CFE3FD4}.Release|Any CPU.Build.0 = Release|Any CPU
	EndGlobalSection
	GlobalSection(SolutionProperties) = preSolution
		HideSolutionNode = FALSE
	EndGlobalSection
	GlobalSection(ExtensibilityGlobals) = postSolution
		SolutionGuid = {9154BDA5-1F51-4BBB-AF70-FA2BC36CB3A6}
	EndGlobalSection
EndGlobal
